
Microsoft Visual Studio Solution File, Format Version 12.00
# Visual Studio Version 16
VisualStudioVersion = 16.0.30011.22
MinimumVisualStudioVersion = 10.0.40219.1
Project("{FAE04EC0-301F-11D3-BF4B-00C04F79EFBC}") = "LunarCalendar", "LunarCalendar\LunarCalendar.csproj", "{BFC1CEB1-FFF6-4613-AC25-0A254355B5ED}"
EndProject
Global
	GlobalSection(SolutionConfigurationPlatforms) = preSolution
		Debug|Any CPU = Debug|Any CPU
		Release|Any CPU = Release|Any CPU
	EndGlobalSection
	GlobalSection(ProjectConfigurationPlatforms) = postSolution
		{BFC1CEB1-FFF6-4613-AC25-0A254355B5ED}.Debug|Any CPU.ActiveCfg = Debug|Any CPU
		{BFC1CEB1-FFF6-4613-AC25-0A254355B5ED}.Debug|Any CPU.Build.0 = Debug|Any CPU
		{BFC1CEB1-FFF6-4613-AC25-0A254355B5ED}.Release|Any CPU.ActiveCfg = Release|Any CPU
		{BFC1CEB1-FFF6-4613-AC25-0A254355B5ED}.Release|Any CPU.Build.0 = Release|Any CPU
	EndGlobalSection
	GlobalSection(SolutionProperties) = preSolution
		HideSolutionNode = FALSE
	EndGlobalSection
	GlobalSection(ExtensibilityGlobals) = postSolution
		SolutionGuid = {01437844-D6C2-44CB-B58D-8DDE12FBB227}
	EndGlobalSection
EndGlobal
